
Microsoft Visual Studio Solution File, Format Version 12.00
# Visual Studio Version 17
VisualStudioVersion = 17.7.34202.233
MinimumVisualStudioVersion = 10.0.40219.1
Project("{FAE04EC0-301F-11D3-BF4B-00C04F79EFBC}") = "DynamicQuery", "DynamicQuery\DynamicQuery.csproj", "{7C1C72F1-14DB-438A-BF77-CBFFF2D00011}"
EndProject
Global
	GlobalSection(SolutionConfigurationPlatforms) = preSolution
		Debug|Any CPU = Debug|Any CPU
		Release|Any CPU = Release|Any CPU
	EndGlobalSection
	GlobalSection(ProjectConfigurationPlatforms) = postSolution
		{7C1C72F1-14DB-438A-BF77-CBFFF2D00011}.Debug|Any CPU.ActiveCfg = Debug|Any CPU
		{7C1C72F1-14DB-438A-BF77-CBFFF2D00011}.Debug|Any CPU.Build.0 = Debug|Any CPU
		{7C1C72F1-14DB-438A-BF77-CBFFF2D00011}.Release|Any CPU.ActiveCfg = Release|Any CPU
		{7C1C72F1-14DB-438A-BF77-CBFFF2D00011}.Release|Any CPU.Build.0 = Release|Any CPU
	EndGlobalSection
	GlobalSection(SolutionProperties) = preSolution
		HideSolutionNode = FALSE
	EndGlobalSection
	GlobalSection(ExtensibilityGlobals) = postSolution
		SolutionGuid = {0F5301C8-B456-42EA-82CE-1A3AB69894C6}
	EndGlobalSection
EndGlobal
